// !$*UTF8*$!
{
	archiveVersion = 1;
	classes = {
	};
	objectVersion = 46;
	objects = {

/* Begin PBXBuildFile section */
		B09E3B991ECD6CAF00380C5F /* BlockPickerView.m in Sources */ = {isa = PBXBuildFile; fileRef = B09E3B981ECD6CAF00380C5F /* BlockPickerView.m */; };
		B09E3B9D1ECD6F8000380C5F /* UIView+Utils.m in Sources */ = {isa = PBXBuildFile; fileRef = B09E3B9C1ECD6F8000380C5F /* UIView+Utils.m */; };
		B09E3BA01ECD7E7900380C5F /* BlockDatePickerView.m in Sources */ = {isa = PBXBuildFile; fileRef = B09E3B9F1ECD7E7900380C5F /* BlockDatePickerView.m */; };
		B0C0049B1ECBDC4A008DE655 /* main.m in Sources */ = {isa = PBXBuildFile; fileRef = B0C0049A1ECBDC4A008DE655 /* main.m */; };
		B0C0049E1ECBDC4A008DE655 /* AppDelegate.m in Sources */ = {isa = PBXBuildFile; fileRef = B0C0049D1ECBDC4A008DE655 /* AppDelegate.m */; };
		B0C004A11ECBDC4A008DE655 /* ViewController.m in Sources */ = {isa = PBXBuildFile; fileRef = B0C004A01ECBDC4A008DE655 /* ViewController.m */; };
		B0C004A41ECBDC4A008DE655 /* Main.storyboard in Resources */ = {isa = PBXBuildFile; fileRef = B0C004A21ECBDC4A008DE655 /* Main.storyboard */; };
		B0C004A61ECBDC4A008DE655 /* Assets.xcassets in Resources */ = {isa = PBXBuildFile; fileRef = B0C004A51ECBDC4A008DE655 /* Assets.xcassets */; };
		B0C004A91ECBDC4A008DE655 /* LaunchScreen.storyboard in Resources */ = {isa = PBXBuildFile; fileRef = B0C004A71ECBDC4A008DE655 /* LaunchScreen.storyboard */; };
		B0C004B31ECBDD0A008DE655 /* BlockDynamicPasswordButton.m in Sources */ = {isa = PBXBuildFile; fileRef = B0C004B21ECBDD0A008DE655 /* BlockDynamicPasswordButton.m */; };
/* End PBXBuildFile section */

/* Begin PBXFileReference section */
		B09E3B971ECD6CAF00380C5F /* BlockPickerView.h */ = {isa = PBXFileReference; fileEncoding = 4; lastKnownFileType = sourcecode.c.h; path = BlockPickerView.h; sourceTree = "<group>"; };
		B09E3B981ECD6CAF00380C5F /* BlockPickerView.m */ = {isa = PBXFileReference; fileEncoding = 4; lastKnownFileType = sourcecode.c.objc; path = BlockPickerView.m; sourceTree = "<group>"; };
		B09E3B9A1ECD6EA300380C5F /* config.h */ = {isa = PBXFileReference; fileEncoding = 4; lastKnownFileType = sourcecode.c.h; path = config.h; sourceTree = "<group>"; };
		B09E3B9B1ECD6F8000380C5F /* UIView+Utils.h */ = {isa = PBXFileReference; fileEncoding = 4; lastKnownFileType = sourcecode.c.h; path = "UIView+Utils.h"; sourceTree = "<group>"; };
		B09E3B9C1ECD6F8000380C5F /* UIView+Utils.m */ = {isa = PBXFileReference; fileEncoding = 4; lastKnownFileType = sourcecode.c.objc; path = "UIView+Utils.m"; sourceTree = "<group>"; };
		B09E3B9E1ECD7E7900380C5F /* BlockDatePickerView.h */ = {isa = PBXFileReference; fileEncoding = 4; lastKnownFileType = sourcecode.c.h; path = BlockDatePickerView.h; sourceTree = "<group>"; };
		B09E3B9F1ECD7E7900380C5F /* BlockDatePickerView.m */ = {isa = PBXFileReference; fileEncoding = 4; lastKnownFileType = sourcecode.c.objc; path = BlockDatePickerView.m; sourceTree = "<group>"; };
		B0C004961ECBDC4A008DE655 /* Demo.app */ = {isa = PBXFileReference; explicitFileType = wrapper.application; includeInIndex = 0; path = Demo.app; sourceTree = BUILT_PRODUCTS_DIR; };
		B0C0049A1ECBDC4A008DE655 /* main.m */ = {isa = PBXFileReference; lastKnownFileType = sourcecode.c.objc; path = main.m; sourceTree = "<group>"; };
		B0C0049C1ECBDC4A008DE655 /* AppDelegate.h */ = {isa = PBXFileReference; lastKnownFileType = sourcecode.c.h; path = AppDelegate.h; sourceTree = "<group>"; };
		B0C0049D1ECBDC4A008DE655 /* AppDelegate.m */ = {isa = PBXFileReference; lastKnownFileType = sourcecode.c.objc; path = AppDelegate.m; sourceTree = "<group>"; };
		B0C0049F1ECBDC4A008DE655 /* ViewController.h */ = {isa = PBXFileReference; lastKnownFileType = sourcecode.c.h; path = ViewController.h; sourceTree = "<group>"; };
		B0C004A01ECBDC4A008DE655 /* ViewController.m */ = {isa = PBXFileReference; lastKnownFileType = sourcecode.c.objc; path = ViewController.m; sourceTree = "<group>"; };
		B0C004A31ECBDC4A008DE655 /* Base */ = {isa = PBXFileReference; lastKnownFileType = file.storyboard; name = Base; path = Base.lproj/Main.storyboard; sourceTree = "<group>"; };
		B0C004A51ECBDC4A008DE655 /* Assets.xcassets */ = {isa = PBXFileReference; lastKnownFileType = folder.assetcatalog; path = Assets.xcassets; sourceTree = "<group>"; };
		B0C004A81ECBDC4A008DE655 /* Base */ = {isa = PBXFileReference; lastKnownFileType = file.storyboard; name = Base; path = Base.lproj/LaunchScreen.storyboard; sourceTree = "<group>"; };
		B0C004AA1ECBDC4A008DE655 /* Info.plist */ = {isa = PBXFileReference; lastKnownFileType = text.plist.xml; path = Info.plist; sourceTree = "<group>"; };
		B0C004B11ECBDD0A008DE655 /* BlockDynamicPasswordButton.h */ = {isa = PBXFileReference; fileEncoding = 4; lastKnownFileType = sourcecode.c.h; path = BlockDynamicPasswordButton.h; sourceTree = "<group>"; };
		B0C004B21ECBDD0A008DE655 /* BlockDynamicPasswordButton.m */ = {isa = PBXFileReference; fileEncoding = 4; lastKnownFileType = sourcecode.c.objc; path = BlockDynamicPasswordButton.m; sourceTree = "<group>"; };
/* End PBXFileReference section */

/* Begin PBXFrameworksBuildPhase section */
		B0C004931ECBDC4A008DE655 /* Frameworks */ = {
			isa = PBXFrameworksBuildPhase;
			buildActionMask = 2147483647;
			files = (
			);
			runOnlyForDeploymentPostprocessing = 0;
		};
/* End PBXFrameworksBuildPhase section */

/* Begin PBXGroup section */
		B0C0048D1ECBDC4A008DE655 = {
			isa = PBXGroup;
			children = (
				B0C004981ECBDC4A008DE655 /* Demo */,
				B0C004971ECBDC4A008DE655 /* Products */,
			);
			sourceTree = "<group>";
		};
		B0C004971ECBDC4A008DE655 /* Products */ = {
			isa = PBXGroup;
			children = (
				B0C004961ECBDC4A008DE655 /* Demo.app */,
			);
			name = Products;
			sourceTree = "<group>";
		};
		B0C004981ECBDC4A008DE655 /* Demo */ = {
			isa = PBXGroup;
			children = (
				B09E3B9A1ECD6EA300380C5F /* config.h */,
				B09E3B9B1ECD6F8000380C5F /* UIView+Utils.h */,
				B09E3B9C1ECD6F8000380C5F /* UIView+Utils.m */,
				B0C004B11ECBDD0A008DE655 /* BlockDynamicPasswordButton.h */,
				B0C004B21ECBDD0A008DE655 /* BlockDynamicPasswordButton.m */,
				B09E3B971ECD6CAF00380C5F /* BlockPickerView.h */,
				B09E3B981ECD6CAF00380C5F /* BlockPickerView.m */,
				B09E3B9E1ECD7E7900380C5F /* BlockDatePickerView.h */,
				B09E3B9F1ECD7E7900380C5F /* BlockDatePickerView.m */,
				B0C0049C1ECBDC4A008DE655 /* AppDelegate.h */,
				B0C0049D1ECBDC4A008DE655 /* AppDelegate.m */,
				B0C0049F1ECBDC4A008DE655 /* ViewController.h */,
				B0C004A01ECBDC4A008DE655 /* ViewController.m */,
				B0C004A21ECBDC4A008DE655 /* Main.storyboard */,
				B0C004A51ECBDC4A008DE655 /* Assets.xcassets */,
				B0C004A71ECBDC4A008DE655 /* LaunchScreen.storyboard */,
				B0C004AA1ECBDC4A008DE655 /* Info.plist */,
				B0C004991ECBDC4A008DE655 /* Supporting Files */,
			);
			path = Demo;
			sourceTree = "<group>";
		};
		B0C004991ECBDC4A008DE655 /* Supporting Files */ = {
			isa = PBXGroup;
			children = (
				B0C0049A1ECBDC4A008DE655 /* main.m */,
			);
			name = "Supporting Files";
			sourceTree = "<group>";
		};
/* End PBXGroup section */

/* Begin PBXNativeTarget section */
		B0C004951ECBDC4A008DE655 /* Demo */ = {
			isa = PBXNativeTarget;
			buildConfigurationList = B0C004AD1ECBDC4A008DE655 /* Build configuration list for PBXNativeTarget "Demo" */;
			buildPhases = (
				B0C004921ECBDC4A008DE655 /* Sources */,
				B0C004931ECBDC4A008DE655 /* Frameworks */,
				B0C004941ECBDC4A008DE655 /* Resources */,
			);
			buildRules = (
			);
			dependencies = (
			);
			name = Demo;
			productName = Demo;
			productReference = B0C004961ECBDC4A008DE655 /* Demo.app */;
			productType = "com.apple.product-type.application";
		};
/* End PBXNativeTarget section */

/* Begin PBXProject section */
		B0C0048E1ECBDC4A008DE655 /* Project object */ = {
			isa = PBXProject;
			attributes = {
				LastUpgradeCheck = 0820;
				ORGANIZATIONNAME = yfc;
				TargetAttributes = {
					B0C004951ECBDC4A008DE655 = {
						CreatedOnToolsVersion = 8.2.1;
						ProvisioningStyle = Automatic;
					};
				};
			};
			buildConfigurationList = B0C004911ECBDC4A008DE655 /* Build configuration list for PBXProject "Demo" */;
			compatibilityVersion = "Xcode 3.2";
			developmentRegion = English;
			hasScannedForEncodings = 0;
			knownRegions = (
				en,
				Base,
			);
			mainGroup = B0C0048D1ECBDC4A008DE655;
			productRefGroup = B0C004971ECBDC4A008DE655 /* Products */;
			projectDirPath = "";
			projectRoot = "";
			targets = (
				B0C004951ECBDC4A008DE655 /* Demo */,
			);
		};
/* End PBXProject section */

/* Begin PBXResourcesBuildPhase section */
		B0C004941ECBDC4A008DE655 /* Resources */ = {
			isa = PBXResourcesBuildPhase;
			buildActionMask = 2147483647;
			files = (
				B0C004A91ECBDC4A008DE655 /* LaunchScreen.storyboard in Resources */,
				B0C004A61ECBDC4A008DE655 /* Assets.xcassets in Resources */,
				B0C004A41ECBDC4A008DE655 /* Main.storyboard in Resources */,
			);
			runOnlyForDeploymentPostprocessing = 0;
		};
/* End PBXResourcesBuildPhase section */

/* Begin PBXSourcesBuildPhase section */
		B0C004921ECBDC4A008DE655 /* Sources */ = {
			isa = PBXSourcesBuildPhase;
			buildActionMask = 2147483647;
			files = (
				B09E3B9D1ECD6F8000380C5F /* UIView+Utils.m in Sources */,
				B09E3B991ECD6CAF00380C5F /* BlockPickerView.m in Sources */,
				B0C004A11ECBDC4A008DE655 /* ViewController.m in Sources */,
				B0C0049E1ECBDC4A008DE655 /* AppDelegate.m in Sources */,
				B09E3BA01ECD7E7900380C5F /* BlockDatePickerView.m in Sources */,
				B0C0049B1ECBDC4A008DE655 /* main.m in Sources */,
				B0C004B31ECBDD0A008DE655 /* BlockDynamicPasswordButton.m in Sources */,
			);
			runOnlyForDeploymentPostprocessing = 0;
		};
/* End PBXSourcesBuildPhase section */

/* Begin PBXVariantGroup section */
		B0C004A21ECBDC4A008DE655 /* Main.storyboard */ = {
			isa = PBXVariantGroup;
			children = (
				B0C004A31ECBDC4A008DE655 /* Base */,
			);
			name = Main.storyboard;
			sourceTree = "<group>";
		};
		B0C004A71ECBDC4A008DE655 /* LaunchScreen.storyboard */ = {
			isa = PBXVariantGroup;
			children = (
				B0C004A81ECBDC4A008DE655 /* Base */,
			);
			name = LaunchScreen.storyboard;
			sourceTree = "<group>";
		};
/* End PBXVariantGroup section */

/* Begin XCBuildConfiguration section */
		B0C004AB1ECBDC4A008DE655 /* Debug */ = {
			isa = XCBuildConfiguration;
			buildSettings = {
				ALWAYS_SEARCH_USER_PATHS = NO;
				CLANG_ANALYZER_NONNULL = YES;
				CLANG_CXX_LANGUAGE_STANDARD = "gnu++0x";
				CLANG_CXX_LIBRARY = "libc++";
				CLANG_ENABLE_MODULES = YES;
				CLANG_ENABLE_OBJC_ARC = YES;
				CLANG_WARN_BOOL_CONVERSION = YES;
				CLANG_WARN_CONSTANT_CONVERSION = YES;
				CLANG_WARN_DIRECT_OBJC_ISA_USAGE = YES_ERROR;
				CLANG_WARN_DOCUMENTATION_COMMENTS = YES;
				CLANG_WARN_EMPTY_BODY = YES;
				CLANG_WARN_ENUM_CONVERSION = YES;
				CLANG_WARN_INFINITE_RECURSION = YES;
				CLANG_WARN_INT_CONVERSION = YES;
				CLANG_WARN_OBJC_ROOT_CLASS = YES_ERROR;
				CLANG_WARN_SUSPICIOUS_MOVE = YES;
				CLANG_WARN_UNREACHABLE_CODE = YES;
				CLANG_WARN__DUPLICATE_METHOD_MATCH = YES;
				"CODE_SIGN_IDENTITY[sdk=iphoneos*]" = "iPhone Developer";
				COPY_PHASE_STRIP = NO;
				DEBUG_INFORMATION_FORMAT = dwarf;
				ENABLE_STRICT_OBJC_MSGSEND = YES;
				ENABLE_TESTABILITY = YES;
				GCC_C_LANGUAGE_STANDARD = gnu99;
				GCC_DYNAMIC_NO_PIC = NO;
				GCC_NO_COMMON_BLOCKS = YES;
				GCC_OPTIMIZATION_LEVEL = 0;
				GCC_PREPROCESSOR_DEFINITIONS = (
					"DEBUG=1",
					"$(inherited)",
				);
				GCC_WARN_64_TO_32_BIT_CONVERSION = YES;
				GCC_WARN_ABOUT_RETURN_TYPE = YES_ERROR;
				GCC_WARN_UNDECLARED_SELECTOR = YES;
				GCC_WARN_UNINITIALIZED_AUTOS = YES_AGGRESSIVE;
				GCC_WARN_UNUSED_FUNCTION = YES;
				GCC_WARN_UNUSED_VARIABLE = YES;
				IPHONEOS_DEPLOYMENT_TARGET = 10.2;
				MTL_ENABLE_DEBUG_INFO = YES;
				ONLY_ACTIVE_ARCH = YES;
				SDKROOT = iphoneos;
				TARGETED_DEVICE_FAMILY = "1,2";
			};
			name = Debug;
		};
		B0C004AC1ECBDC4A008DE655 /* Release */ = {
			isa = XCBuildConfiguration;
			buildSettings = {
				ALWAYS_SEARCH_USER_PATHS = NO;
				CLANG_ANALYZER_NONNULL = YES;
				CLANG_CXX_LANGUAGE_STANDARD = "gnu++0x";
				CLANG_CXX_LIBRARY = "libc++";
				CLANG_ENABLE_MODULES = YES;
				CLANG_ENABLE_OBJC_ARC = YES;
				CLANG_WARN_BOOL_CONVERSION = YES;
				CLANG_WARN_CONSTANT_CONVERSION = YES;
				CLANG_WARN_DIRECT_OBJC_ISA_USAGE = YES_ERROR;
				CLANG_WARN_DOCUMENTATION_COMMENTS = YES;
				CLANG_WARN_EMPTY_BODY = YES;
				CLANG_WARN_ENUM_CONVERSION = YES;
				CLANG_WARN_INFINITE_RECURSION = YES;
				CLANG_WARN_INT_CONVERSION = YES;
				CLANG_WARN_OBJC_ROOT_CLASS = YES_ERROR;
				CLANG_WARN_SUSPICIOUS_MOVE = YES;
				CLANG_WARN_UNREACHABLE_CODE = YES;
				CLANG_WARN__DUPLICATE_METHOD_MATCH = YES;
				"CODE_SIGN_IDENTITY[sdk=iphoneos*]" = "iPhone Developer";
				COPY_PHASE_STRIP = NO;
				DEBUG_INFORMATION_FORMAT = "dwarf-with-dsym";
				ENABLE_NS_ASSERTIONS = NO;
				ENABLE_STRICT_OBJC_MSGSEND = YES;
				GCC_C_LANGUAGE_STANDARD = gnu99;
				GCC_NO_COMMON_BLOCKS = YES;
				GCC_WARN_64_TO_32_BIT_CONVERSION = YES;
				GCC_WARN_ABOUT_RETURN_TYPE = YES_ERROR;
				GCC_WARN_UNDECLARED_SELECTOR = YES;
				GCC_WARN_UNINITIALIZED_AUTOS = YES_AGGRESSIVE;
				GCC_WARN_UNUSED_FUNCTION = YES;
				GCC_WARN_UNUSED_VARIABLE = YES;
				IPHONEOS_DEPLOYMENT_TARGET = 10.2;
				MTL_ENABLE_DEBUG_INFO = NO;
				SDKROOT = iphoneos;
				TARGETED_DEVICE_FAMILY = "1,2";
				VALIDATE_PRODUCT = YES;
			};
			name = Release;
		};
		B0C004AE1ECBDC4A008DE655 /* Debug */ = {
			isa = XCBuildConfiguration;
			buildSettings = {
				ASSETCATALOG_COMPILER_APPICON_NAME = AppIcon;
				INFOPLIST_FILE = Demo/Info.plist;
				LD_RUNPATH_SEARCH_PATHS = "$(inherited) @executable_path/Frameworks";
				PRODUCT_BUNDLE_IDENTIFIER = yfc.Demo;
				PRODUCT_NAME = "$(TARGET_NAME)";
			};
			name = Debug;
		};
		B0C004AF1ECBDC4A008DE655 /* Release */ = {
			isa = XCBuildConfiguration;
			buildSettings = {
				ASSETCATALOG_COMPILER_APPICON_NAME = AppIcon;
				INFOPLIST_FILE = Demo/Info.plist;
				LD_RUNPATH_SEARCH_PATHS = "$(inherited) @executable_path/Frameworks";
				PRODUCT_BUNDLE_IDENTIFIER = yfc.Demo;
				PRODUCT_NAME = "$(TARGET_NAME)";
			};
			name = Release;
		};
/* End XCBuildConfiguration section */

/* Begin XCConfigurationList section */
		B0C004911ECBDC4A008DE655 /* Build configuration list for PBXProject "Demo" */ = {
			isa = XCConfigurationList;
			buildConfigurations = (
				B0C004AB1ECBDC4A008DE655 /* Debug */,
				B0C004AC1ECBDC4A008DE655 /* Release */,
			);
			defaultConfigurationIsVisible = 0;
			defaultConfigurationName = Release;
		};
		B0C004AD1ECBDC4A008DE655 /* Build configuration list for PBXNativeTarget "Demo" */ = {
			isa = XCConfigurationList;
			buildConfigurations = (
				B0C004AE1ECBDC4A008DE655 /* Debug */,
				B0C004AF1ECBDC4A008DE655 /* Release */,
			);
			defaultConfigurationIsVisible = 0;
			defaultConfigurationName = Release;
		};
/* End XCConfigurationList section */
	};
	rootObject = B0C0048E1ECBDC4A008DE655 /* Project object */;
}
